lockfileVersion: '9.0'

settings:
  autoInstallPeers: true
  excludeLinksFromLockfile: false

importers:

  .:
    dependencies:
      '@uncaged/workflow-cas':
        specifier: workspace:*
        version: link:../workflow-cas
      '@uncaged/workflow-protocol':
        specifier: workspace:*
        version: link:../workflow-protocol
      '@uncaged/workflow-reactor':
        specifier: workspace:*
        version: link:../workflow-reactor
      '@uncaged/workflow-register':
        specifier: workspace:*
        version: link:../workflow-register
      '@uncaged/workflow-runtime':
        specifier: workspace:*
        version: link:../workflow-runtime
      '@uncaged/workflow-util':
        specifier: workspace:*
        version: link:../workflow-util
      yaml:
        specifier: ^2.7.1
        version: 2.8.4
    devDependencies:
      zod:
        specifier: ^4.0.0
        version: 4.4.3

packages:

  yaml@2.8.4:
    resolution: {integrity: sha512-ml/JPOj9fOQK8RNnWojA67GbZ0ApXAUlN2UQclwv2eVgTgn7O9gg9o7paZWKMp4g0H3nTLtS9LVzhkpOFIKzog==}
    engines: {node: '>= 14.6'}
    hasBin: true

  zod@4.4.3:
    resolution: {integrity: sha512-ytENFjIJFl2UwYglde2jchW2Hwm4GJFLDiSXWdTrJQBIN9Fcyp7n4DhxJEiWNAJMV1/BqWfW/kkg71UDcHJyTQ==}

snapshots:

  yaml@2.8.4: {}

  zod@4.4.3: {}
